// !$*UTF8*$!
{
	archiveVersion = 1;
	classes = {
	};
	objectVersion = 46;
	objects = {

/* Begin PBXBuildFile section */
		182DA38B1EC45DC90022E6BC /* main.m in Sources */ = {isa = PBXBuildFile; fileRef = 182DA38A1EC45DC90022E6BC /* main.m */; };
		182DA38E1EC45DC90022E6BC /* AppDelegate.m in Sources */ = {isa = PBXBuildFile; fileRef = 182DA38D1EC45DC90022E6BC /* AppDelegate.m */; };
		182DA3911EC45DC90022E6BC /* ViewController.m in Sources */ = {isa = PBXBuildFile; fileRef = 182DA3901EC45DC90022E6BC /* ViewController.m */; };
		182DA3941EC45DC90022E6BC /* Main.storyboard in Resources */ = {isa = PBXBuildFile; fileRef = 182DA3921EC45DC90022E6BC /* Main.storyboard */; };
		182DA3961EC45DC90022E6BC /* Assets.xcassets in Resources */ = {isa = PBXBuildFile; fileRef = 182DA3951EC45DC90022E6BC /* Assets.xcassets */; };
		182DA3991EC45DC90022E6BC /* LaunchScreen.storyboard in Resources */ = {isa = PBXBuildFile; fileRef = 182DA3971EC45DC90022E6BC /* LaunchScreen.storyboard */; };
		182DA3A41EC45DC90022E6BC /* AV_PlayerVedioTests.m in Sources */ = {isa = PBXBuildFile; fileRef = 182DA3A31EC45DC90022E6BC /* AV_PlayerVedioTests.m */; };
		182DA3AF1EC45DC90022E6BC /* AV_PlayerVedioUITests.m in Sources */ = {isa = PBXBuildFile; fileRef = 182DA3AE1EC45DC90022E6BC /* AV_PlayerVedioUITests.m */; };
		182DA3BD1EC461130022E6BC /* 张又亓-其实不想说再见.mp4 in Resources */ = {isa = PBXBuildFile; fileRef = 182DA3BC1EC461130022E6BC /* 张又亓-其实不想说再见.mp4 */; };
/* End PBXBuildFile section */

/* Begin PBXContainerItemProxy section */
		182DA3A01EC45DC90022E6BC /* PBXContainerItemProxy */ = {
			isa = PBXContainerItemProxy;
			containerPortal = 182DA37E1EC45DC90022E6BC /* Project object */;
			proxyType = 1;
			remoteGlobalIDString = 182DA3851EC45DC90022E6BC;
			remoteInfo = "AV-PlayerVedio";
		};
		182DA3AB1EC45DC90022E6BC /* PBXContainerItemProxy */ = {
			isa = PBXContainerItemProxy;
			containerPortal = 182DA37E1EC45DC90022E6BC /* Project object */;
			proxyType = 1;
			remoteGlobalIDString = 182DA3851EC45DC90022E6BC;
			remoteInfo = "AV-PlayerVedio";
		};
/* End PBXContainerItemProxy section */

/* Begin PBXFileReference section */
		182DA3861EC45DC90022E6BC /* AV-PlayerVedio.app */ = {isa = PBXFileReference; explicitFileType = wrapper.application; includeInIndex = 0; path = "AV-PlayerVedio.app"; sourceTree = BUILT_PRODUCTS_DIR; };
		182DA38A1EC45DC90022E6BC /* main.m */ = {isa = PBXFileReference; lastKnownFileType = sourcecode.c.objc; path = main.m; sourceTree = "<group>"; };
		182DA38C1EC45DC90022E6BC /* AppDelegate.h */ = {isa = PBXFileReference; lastKnownFileType = sourcecode.c.h; path = AppDelegate.h; sourceTree = "<group>"; };
		182DA38D1EC45DC90022E6BC /* AppDelegate.m */ = {isa = PBXFileReference; lastKnownFileType = sourcecode.c.objc; path = AppDelegate.m; sourceTree = "<group>"; };
		182DA38F1EC45DC90022E6BC /* ViewController.h */ = {isa = PBXFileReference; lastKnownFileType = sourcecode.c.h; path = ViewController.h; sourceTree = "<group>"; };
		182DA3901EC45DC90022E6BC /* ViewController.m */ = {isa = PBXFileReference; lastKnownFileType = sourcecode.c.objc; path = ViewController.m; sourceTree = "<group>"; };
		182DA3931EC45DC90022E6BC /* Base */ = {isa = PBXFileReference; lastKnownFileType = file.storyboard; name = Base; path = Base.lproj/Main.storyboard; sourceTree = "<group>"; };
		182DA3951EC45DC90022E6BC /* Assets.xcassets */ = {isa = PBXFileReference; lastKnownFileType = folder.assetcatalog; path = Assets.xcassets; sourceTree = "<group>"; };
		182DA3981EC45DC90022E6BC /* Base */ = {isa = PBXFileReference; lastKnownFileType = file.storyboard; name = Base; path = Base.lproj/LaunchScreen.storyboard; sourceTree = "<group>"; };
		182DA39A1EC45DC90022E6BC /* Info.plist */ = {isa = PBXFileReference; lastKnownFileType = text.plist.xml; path = Info.plist; sourceTree = "<group>"; };
		182DA39F1EC45DC90022E6BC /* AV-PlayerVedioTests.xctest */ = {isa = PBXFileReference; explicitFileType = wrapper.cfbundle; includeInIndex = 0; path = "AV-PlayerVedioTests.xctest"; sourceTree = BUILT_PRODUCTS_DIR; };
		182DA3A31EC45DC90022E6BC /* AV_PlayerVedioTests.m */ = {isa = PBXFileReference; lastKnownFileType = sourcecode.c.objc; path = AV_PlayerVedioTests.m; sourceTree = "<group>"; };
		182DA3A51EC45DC90022E6BC /* Info.plist */ = {isa = PBXFileReference; lastKnownFileType = text.plist.xml; path = Info.plist; sourceTree = "<group>"; };
		182DA3AA1EC45DC90022E6BC /* AV-PlayerVedioUITests.xctest */ = {isa = PBXFileReference; explicitFileType = wrapper.cfbundle; includeInIndex = 0; path = "AV-PlayerVedioUITests.xctest"; sourceTree = BUILT_PRODUCTS_DIR; };
		182DA3AE1EC45DC90022E6BC /* AV_PlayerVedioUITests.m */ = {isa = PBXFileReference; lastKnownFileType = sourcecode.c.objc; path = AV_PlayerVedioUITests.m; sourceTree = "<group>"; };
		182DA3B01EC45DC90022E6BC /* Info.plist */ = {isa = PBXFileReference; lastKnownFileType = text.plist.xml; path = Info.plist; sourceTree = "<group>"; };
		182DA3BC1EC461130022E6BC /* 张又亓-其实不想说再见.mp4 */ = {isa = PBXFileReference; lastKnownFileType = file; path = "张又亓-其实不想说再见.mp4"; sourceTree = "<group>"; };
/* End PBXFileReference section */

/* Begin PBXFrameworksBuildPhase section */
		182DA3831EC45DC90022E6BC /* Frameworks */ = {
			isa = PBXFrameworksBuildPhase;
			buildActionMask = 2147483647;
			files = (
			);
			runOnlyForDeploymentPostprocessing = 0;
		};
		182DA39C1EC45DC90022E6BC /* Frameworks */ = {
			isa = PBXFrameworksBuildPhase;
			buildActionMask = 2147483647;
			files = (
			);
			runOnlyForDeploymentPostprocessing = 0;
		};
		182DA3A71EC45DC90022E6BC /* Frameworks */ = {
			isa = PBXFrameworksBuildPhase;
			buildActionMask = 2147483647;
			files = (
			);
			runOnlyForDeploymentPostprocessing = 0;
		};
/* End PBXFrameworksBuildPhase section */

/* Begin PBXGroup section */
		182DA37D1EC45DC90022E6BC = {
			isa = PBXGroup;
			children = (
				182DA3881EC45DC90022E6BC /* AV-PlayerVedio */,
				182DA3A21EC45DC90022E6BC /* AV-PlayerVedioTests */,
				182DA3AD1EC45DC90022E6BC /* AV-PlayerVedioUITests */,
				182DA3871EC45DC90022E6BC /* Products */,
			);
			sourceTree = "<group>";
		};
		182DA3871EC45DC90022E6BC /* Products */ = {
			isa = PBXGroup;
			children = (
				182DA3861EC45DC90022E6BC /* AV-PlayerVedio.app */,
				182DA39F1EC45DC90022E6BC /* AV-PlayerVedioTests.xctest */,
				182DA3AA1EC45DC90022E6BC /* AV-PlayerVedioUITests.xctest */,
			);
			name = Products;
			sourceTree = "<group>";
		};
		182DA3881EC45DC90022E6BC /* AV-PlayerVedio */ = {
			isa = PBXGroup;
			children = (
				182DA38C1EC45DC90022E6BC /* AppDelegate.h */,
				182DA38D1EC45DC90022E6BC /* AppDelegate.m */,
				182DA38F1EC45DC90022E6BC /* ViewController.h */,
				182DA3901EC45DC90022E6BC /* ViewController.m */,
				182DA3BC1EC461130022E6BC /* 张又亓-其实不想说再见.mp4 */,
				182DA3921EC45DC90022E6BC /* Main.storyboard */,
				182DA3951EC45DC90022E6BC /* Assets.xcassets */,
				182DA3971EC45DC90022E6BC /* LaunchScreen.storyboard */,
				182DA39A1EC45DC90022E6BC /* Info.plist */,
				182DA3891EC45DC90022E6BC /* Supporting Files */,
			);
			path = "AV-PlayerVedio";
			sourceTree = "<group>";
		};
		182DA3891EC45DC90022E6BC /* Supporting Files */ = {
			isa = PBXGroup;
			children = (
				182DA38A1EC45DC90022E6BC /* main.m */,
			);
			name = "Supporting Files";
			sourceTree = "<group>";
		};
		182DA3A21EC45DC90022E6BC /* AV-PlayerVedioTests */ = {
			isa = PBXGroup;
			children = (
				182DA3A31EC45DC90022E6BC /* AV_PlayerVedioTests.m */,
				182DA3A51EC45DC90022E6BC /* Info.plist */,
			);
			path = "AV-PlayerVedioTests";
			sourceTree = "<group>";
		};
		182DA3AD1EC45DC90022E6BC /* AV-PlayerVedioUITests */ = {
			isa = PBXGroup;
			children = (
				182DA3AE1EC45DC90022E6BC /* AV_PlayerVedioUITests.m */,
				182DA3B01EC45DC90022E6BC /* Info.plist */,
			);
			path = "AV-PlayerVedioUITests";
			sourceTree = "<group>";
		};
/* End PBXGroup section */

/* Begin PBXNativeTarget section */
		182DA3851EC45DC90022E6BC /* AV-PlayerVedio */ = {
			isa = PBXNativeTarget;
			buildConfigurationList = 182DA3B31EC45DC90022E6BC /* Build configuration list for PBXNativeTarget "AV-PlayerVedio" */;
			buildPhases = (
				182DA3821EC45DC90022E6BC /* Sources */,
				182DA3831EC45DC90022E6BC /* Frameworks */,
				182DA3841EC45DC90022E6BC /* Resources */,
			);
			buildRules = (
			);
			dependencies = (
			);
			name = "AV-PlayerVedio";
			productName = "AV-PlayerVedio";
			productReference = 182DA3861EC45DC90022E6BC /* AV-PlayerVedio.app */;
			productType = "com.apple.product-type.application";
		};
		182DA39E1EC45DC90022E6BC /* AV-PlayerVedioTests */ = {
			isa = PBXNativeTarget;
			buildConfigurationList = 182DA3B61EC45DC90022E6BC /* Build configuration list for PBXNativeTarget "AV-PlayerVedioTests" */;
			buildPhases = (
				182DA39B1EC45DC90022E6BC /* Sources */,
				182DA39C1EC45DC90022E6BC /* Frameworks */,
				182DA39D1EC45DC90022E6BC /* Resources */,
			);
			buildRules = (
			);
			dependencies = (
				182DA3A11EC45DC90022E6BC /* PBXTargetDependency */,
			);
			name = "AV-PlayerVedioTests";
			productName = "AV-PlayerVedioTests";
			productReference = 182DA39F1EC45DC90022E6BC /* AV-PlayerVedioTests.xctest */;
			productType = "com.apple.product-type.bundle.unit-test";
		};
		182DA3A91EC45DC90022E6BC /* AV-PlayerVedioUITests */ = {
			isa = PBXNativeTarget;
			buildConfigurationList = 182DA3B91EC45DC90022E6BC /* Build configuration list for PBXNativeTarget "AV-PlayerVedioUITests" */;
			buildPhases = (
				182DA3A61EC45DC90022E6BC /* Sources */,
				182DA3A71EC45DC90022E6BC /* Frameworks */,
				182DA3A81EC45DC90022E6BC /* Resources */,
			);
			buildRules = (
			);
			dependencies = (
				182DA3AC1EC45DC90022E6BC /* PBXTargetDependency */,
			);
			name = "AV-PlayerVedioUITests";
			productName = "AV-PlayerVedioUITests";
			productReference = 182DA3AA1EC45DC90022E6BC /* AV-PlayerVedioUITests.xctest */;
			productType = "com.apple.product-type.bundle.ui-testing";
		};
/* End PBXNativeTarget section */

/* Begin PBXProject section */
		182DA37E1EC45DC90022E6BC /* Project object */ = {
			isa = PBXProject;
			attributes = {
				LastUpgradeCheck = 0830;
				ORGANIZATIONNAME = Chuckie;
				TargetAttributes = {
					182DA3851EC45DC90022E6BC = {
						CreatedOnToolsVersion = 8.3;
						DevelopmentTeam = XJ4JAG9GC7;
						ProvisioningStyle = Automatic;
						SystemCapabilities = {
							com.apple.BackgroundModes = {
								enabled = 1;
							};
						};
					};
					182DA39E1EC45DC90022E6BC = {
						CreatedOnToolsVersion = 8.3;
						DevelopmentTeam = 9952GK694Z;
						ProvisioningStyle = Automatic;
						TestTargetID = 182DA3851EC45DC90022E6BC;
					};
					182DA3A91EC45DC90022E6BC = {
						CreatedOnToolsVersion = 8.3;
						DevelopmentTeam = 9952GK694Z;
						ProvisioningStyle = Automatic;
						TestTargetID = 182DA3851EC45DC90022E6BC;
					};
				};
			};
			buildConfigurationList = 182DA3811EC45DC90022E6BC /* Build configuration list for PBXProject "AV-PlayerVedio" */;
			compatibilityVersion = "Xcode 3.2";
			developmentRegion = English;
			hasScannedForEncodings = 0;
			knownRegions = (
				en,
				Base,
			);
			mainGroup = 182DA37D1EC45DC90022E6BC;
			productRefGroup = 182DA3871EC45DC90022E6BC /* Products */;
			projectDirPath = "";
			projectRoot = "";
			targets = (
				182DA3851EC45DC90022E6BC /* AV-PlayerVedio */,
				182DA39E1EC45DC90022E6BC /* AV-PlayerVedioTests */,
				182DA3A91EC45DC90022E6BC /* AV-PlayerVedioUITests */,
			);
		};
/* End PBXProject section */

/* Begin PBXResourcesBuildPhase section */
		182DA3841EC45DC90022E6BC /* Resources */ = {
			isa = PBXResourcesBuildPhase;
			buildActionMask = 2147483647;
			files = (
				182DA3BD1EC461130022E6BC /* 张又亓-其实不想说再见.mp4 in Resources */,
				182DA3991EC45DC90022E6BC /* LaunchScreen.storyboard in Resources */,
				182DA3961EC45DC90022E6BC /* Assets.xcassets in Resources */,
				182DA3941EC45DC90022E6BC /* Main.storyboard in Resources */,
			);
			runOnlyForDeploymentPostprocessing = 0;
		};
		182DA39D1EC45DC90022E6BC /* Resources */ = {
			isa = PBXResourcesBuildPhase;
			buildActionMask = 2147483647;
			files = (
			);
			runOnlyForDeploymentPostprocessing = 0;
		};
		182DA3A81EC45DC90022E6BC /* Resources */ = {
			isa = PBXResourcesBuildPhase;
			buildActionMask = 2147483647;
			files = (
			);
			runOnlyForDeploymentPostprocessing = 0;
		};
/* End PBXResourcesBuildPhase section */

/* Begin PBXSourcesBuildPhase section */
		182DA3821EC45DC90022E6BC /* Sources */ = {
			isa = PBXSourcesBuildPhase;
			buildActionMask = 2147483647;
			files = (
				182DA3911EC45DC90022E6BC /* ViewController.m in Sources */,
				182DA38E1EC45DC90022E6BC /* AppDelegate.m in Sources */,
				182DA38B1EC45DC90022E6BC /* main.m in Sources */,
			);
			runOnlyForDeploymentPostprocessing = 0;
		};
		182DA39B1EC45DC90022E6BC /* Sources */ = {
			isa = PBXSourcesBuildPhase;
			buildActionMask = 2147483647;
			files = (
				182DA3A41EC45DC90022E6BC /* AV_PlayerVedioTests.m in Sources */,
			);
			runOnlyForDeploymentPostprocessing = 0;
		};
		182DA3A61EC45DC90022E6BC /* Sources */ = {
			isa = PBXSourcesBuildPhase;
			buildActionMask = 2147483647;
			files = (
				182DA3AF1EC45DC90022E6BC /* AV_PlayerVedioUITests.m in Sources */,
			);
			runOnlyForDeploymentPostprocessing = 0;
		};
/* End PBXSourcesBuildPhase section */

/* Begin PBXTargetDependency section */
		182DA3A11EC45DC90022E6BC /* PBXTargetDependency */ = {
			isa = PBXTargetDependency;
			target = 182DA3851EC45DC90022E6BC /* AV-PlayerVedio */;
			targetProxy = 182DA3A01EC45DC90022E6BC /* PBXContainerItemProxy */;
		};
		182DA3AC1EC45DC90022E6BC /* PBXTargetDependency */ = {
			isa = PBXTargetDependency;
			target = 182DA3851EC45DC90022E6BC /* AV-PlayerVedio */;
			targetProxy = 182DA3AB1EC45DC90022E6BC /* PBXContainerItemProxy */;
		};
/* End PBXTargetDependency section */

/* Begin PBXVariantGroup section */
		182DA3921EC45DC90022E6BC /* Main.storyboard */ = {
			isa = PBXVariantGroup;
			children = (
				182DA3931EC45DC90022E6BC /* Base */,
			);
			name = Main.storyboard;
			sourceTree = "<group>";
		};
		182DA3971EC45DC90022E6BC /* LaunchScreen.storyboard */ = {
			isa = PBXVariantGroup;
			children = (
				182DA3981EC45DC90022E6BC /* Base */,
			);
			name = LaunchScreen.storyboard;
			sourceTree = "<group>";
		};
/* End PBXVariantGroup section */

/* Begin XCBuildConfiguration section */
		182DA3B11EC45DC90022E6BC /* Debug */ = {
			isa = XCBuildConfiguration;
			buildSettings = {
				ALWAYS_SEARCH_USER_PATHS = NO;
				CLANG_ANALYZER_NONNULL = YES;
				CLANG_ANALYZER_NUMBER_OBJECT_CONVERSION = YES_AGGRESSIVE;
				CLANG_CXX_LANGUAGE_STANDARD = "gnu++0x";
				CLANG_CXX_LIBRARY = "libc++";
				CLANG_ENABLE_MODULES = YES;
				CLANG_ENABLE_OBJC_ARC = YES;
				CLANG_WARN_BOOL_CONVERSION = YES;
				CLANG_WARN_CONSTANT_CONVERSION = YES;
				CLANG_WARN_DIRECT_OBJC_ISA_USAGE = YES_ERROR;
				CLANG_WARN_DOCUMENTATION_COMMENTS = YES;
				CLANG_WARN_EMPTY_BODY = YES;
				CLANG_WARN_ENUM_CONVERSION = YES;
				CLANG_WARN_INFINITE_RECURSION = YES;
				CLANG_WARN_INT_CONVERSION = YES;
				CLANG_WARN_OBJC_ROOT_CLASS = YES_ERROR;
				CLANG_WARN_SUSPICIOUS_MOVE = YES;
				CLANG_WARN_UNREACHABLE_CODE = YES;
				CLANG_WARN__DUPLICATE_METHOD_MATCH = YES;
				"CODE_SIGN_IDENTITY[sdk=iphoneos*]" = "iPhone Developer";
				COPY_PHASE_STRIP = NO;
				DEBUG_INFORMATION_FORMAT = dwarf;
				ENABLE_STRICT_OBJC_MSGSEND = YES;
				ENABLE_TESTABILITY = YES;
				GCC_C_LANGUAGE_STANDARD = gnu99;
				GCC_DYNAMIC_NO_PIC = NO;
				GCC_NO_COMMON_BLOCKS = YES;
				GCC_OPTIMIZATION_LEVEL = 0;
				GCC_PREPROCESSOR_DEFINITIONS = (
					"DEBUG=1",
					"$(inherited)",
				);
				GCC_WARN_64_TO_32_BIT_CONVERSION = YES;
				GCC_WARN_ABOUT_RETURN_TYPE = YES_ERROR;
				GCC_WARN_UNDECLARED_SELECTOR = YES;
				GCC_WARN_UNINITIALIZED_AUTOS = YES_AGGRESSIVE;
				GCC_WARN_UNUSED_FUNCTION = YES;
				GCC_WARN_UNUSED_VARIABLE = YES;
				IPHONEOS_DEPLOYMENT_TARGET = 10.3;
				MTL_ENABLE_DEBUG_INFO = YES;
				ONLY_ACTIVE_ARCH = YES;
				SDKROOT = iphoneos;
				TARGETED_DEVICE_FAMILY = "1,2";
			};
			name = Debug;
		};
		182DA3B21EC45DC90022E6BC /* Release */ = {
			isa = XCBuildConfiguration;
			buildSettings = {
				ALWAYS_SEARCH_USER_PATHS = NO;
				CLANG_ANALYZER_NONNULL = YES;
				CLANG_ANALYZER_NUMBER_OBJECT_CONVERSION = YES_AGGRESSIVE;
				CLANG_CXX_LANGUAGE_STANDARD = "gnu++0x";
				CLANG_CXX_LIBRARY = "libc++";
				CLANG_ENABLE_MODULES = YES;
				CLANG_ENABLE_OBJC_ARC = YES;
				CLANG_WARN_BOOL_CONVERSION = YES;
				CLANG_WARN_CONSTANT_CONVERSION = YES;
				CLANG_WARN_DIRECT_OBJC_ISA_USAGE = YES_ERROR;
				CLANG_WARN_DOCUMENTATION_COMMENTS = YES;
				CLANG_WARN_EMPTY_BODY = YES;
				CLANG_WARN_ENUM_CONVERSION = YES;
				CLANG_WARN_INFINITE_RECURSION = YES;
				CLANG_WARN_INT_CONVERSION = YES;
				CLANG_WARN_OBJC_ROOT_CLASS = YES_ERROR;
				CLANG_WARN_SUSPICIOUS_MOVE = YES;
				CLANG_WARN_UNREACHABLE_CODE = YES;
				CLANG_WARN__DUPLICATE_METHOD_MATCH = YES;
				"CODE_SIGN_IDENTITY[sdk=iphoneos*]" = "iPhone Developer";
				COPY_PHASE_STRIP = NO;
				DEBUG_INFORMATION_FORMAT = "dwarf-with-dsym";
				ENABLE_NS_ASSERTIONS = NO;
				ENABLE_STRICT_OBJC_MSGSEND = YES;
				GCC_C_LANGUAGE_STANDARD = gnu99;
				GCC_NO_COMMON_BLOCKS = YES;
				GCC_WARN_64_TO_32_BIT_CONVERSION = YES;
				GCC_WARN_ABOUT_RETURN_TYPE = YES_ERROR;
				GCC_WARN_UNDECLARED_SELECTOR = YES;
				GCC_WARN_UNINITIALIZED_AUTOS = YES_AGGRESSIVE;
				GCC_WARN_UNUSED_FUNCTION = YES;
				GCC_WARN_UNUSED_VARIABLE = YES;
				IPHONEOS_DEPLOYMENT_TARGET = 10.3;
				MTL_ENABLE_DEBUG_INFO = NO;
				SDKROOT = iphoneos;
				TARGETED_DEVICE_FAMILY = "1,2";
				VALIDATE_PRODUCT = YES;
			};
			name = Release;
		};
		182DA3B41EC45DC90022E6BC /* Debug */ = {
			isa = XCBuildConfiguration;
			buildSettings = {
				ASSETCATALOG_COMPILER_APPICON_NAME = AppIcon;
				DEVELOPMENT_TEAM = XJ4JAG9GC7;
				INFOPLIST_FILE = "AV-PlayerVedio/Info.plist";
				IPHONEOS_DEPLOYMENT_TARGET = 10.0;
				LD_RUNPATH_SEARCH_PATHS = "$(inherited) @executable_path/Frameworks";
				PRODUCT_BUNDLE_IDENTIFIER = com.philamlife.iposcc;
				PRODUCT_NAME = "$(TARGET_NAME)";
			};
			name = Debug;
		};
		182DA3B51EC45DC90022E6BC /* Release */ = {
			isa = XCBuildConfiguration;
			buildSettings = {
				ASSETCATALOG_COMPILER_APPICON_NAME = AppIcon;
				DEVELOPMENT_TEAM = XJ4JAG9GC7;
				INFOPLIST_FILE = "AV-PlayerVedio/Info.plist";
				IPHONEOS_DEPLOYMENT_TARGET = 10.0;
				LD_RUNPATH_SEARCH_PATHS = "$(inherited) @executable_path/Frameworks";
				PRODUCT_BUNDLE_IDENTIFIER = com.philamlife.iposcc;
				PRODUCT_NAME = "$(TARGET_NAME)";
			};
			name = Release;
		};
		182DA3B71EC45DC90022E6BC /* Debug */ = {
			isa = XCBuildConfiguration;
			buildSettings = {
				BUNDLE_LOADER = "$(TEST_HOST)";
				DEVELOPMENT_TEAM = 9952GK694Z;
				INFOPLIST_FILE = "AV-PlayerVedioTests/Info.plist";
				LD_RUNPATH_SEARCH_PATHS = "$(inherited) @executable_path/Frameworks @loader_path/Frameworks";
				PRODUCT_BUNDLE_IDENTIFIER = "com.AIATechnologySharedServices.AV-PlayerVedioTests";
				PRODUCT_NAME = "$(TARGET_NAME)";
				TEST_HOST = "$(BUILT_PRODUCTS_DIR)/AV-PlayerVedio.app/AV-PlayerVedio";
			};
			name = Debug;
		};
		182DA3B81EC45DC90022E6BC /* Release */ = {
			isa = XCBuildConfiguration;
			buildSettings = {
				BUNDLE_LOADER = "$(TEST_HOST)";
				DEVELOPMENT_TEAM = 9952GK694Z;
				INFOPLIST_FILE = "AV-PlayerVedioTests/Info.plist";
				LD_RUNPATH_SEARCH_PATHS = "$(inherited) @executable_path/Frameworks @loader_path/Frameworks";
				PRODUCT_BUNDLE_IDENTIFIER = "com.AIATechnologySharedServices.AV-PlayerVedioTests";
				PRODUCT_NAME = "$(TARGET_NAME)";
				TEST_HOST = "$(BUILT_PRODUCTS_DIR)/AV-PlayerVedio.app/AV-PlayerVedio";
			};
			name = Release;
		};
		182DA3BA1EC45DC90022E6BC /* Debug */ = {
			isa = XCBuildConfiguration;
			buildSettings = {
				DEVELOPMENT_TEAM = 9952GK694Z;
				INFOPLIST_FILE = "AV-PlayerVedioUITests/Info.plist";
				LD_RUNPATH_SEARCH_PATHS = "$(inherited) @executable_path/Frameworks @loader_path/Frameworks";
				PRODUCT_BUNDLE_IDENTIFIER = "com.AIATechnologySharedServices.AV-PlayerVedioUITests";
				PRODUCT_NAME = "$(TARGET_NAME)";
				TEST_TARGET_NAME = "AV-PlayerVedio";
			};
			name = Debug;
		};
		182DA3BB1EC45DC90022E6BC /* Release */ = {
			isa = XCBuildConfiguration;
			buildSettings = {
				DEVELOPMENT_TEAM = 9952GK694Z;
				INFOPLIST_FILE = "AV-PlayerVedioUITests/Info.plist";
				LD_RUNPATH_SEARCH_PATHS = "$(inherited) @executable_path/Frameworks @loader_path/Frameworks";
				PRODUCT_BUNDLE_IDENTIFIER = "com.AIATechnologySharedServices.AV-PlayerVedioUITests";
				PRODUCT_NAME = "$(TARGET_NAME)";
				TEST_TARGET_NAME = "AV-PlayerVedio";
			};
			name = Release;
		};
/* End XCBuildConfiguration section */

/* Begin XCConfigurationList section */
		182DA3811EC45DC90022E6BC /* Build configuration list for PBXProject "AV-PlayerVedio" */ = {
			isa = XCConfigurationList;
			buildConfigurations = (
				182DA3B11EC45DC90022E6BC /* Debug */,
				182DA3B21EC45DC90022E6BC /* Release */,
			);
			defaultConfigurationIsVisible = 0;
			defaultConfigurationName = Release;
		};
		182DA3B31EC45DC90022E6BC /* Build configuration list for PBXNativeTarget "AV-PlayerVedio" */ = {
			isa = XCConfigurationList;
			buildConfigurations = (
				182DA3B41EC45DC90022E6BC /* Debug */,
				182DA3B51EC45DC90022E6BC /* Release */,
			);
			defaultConfigurationIsVisible = 0;
		};
		182DA3B61EC45DC90022E6BC /* Build configuration list for PBXNativeTarget "AV-PlayerVedioTests" */ = {
			isa = XCConfigurationList;
			buildConfigurations = (
				182DA3B71EC45DC90022E6BC /* Debug */,
				182DA3B81EC45DC90022E6BC /* Release */,
			);
			defaultConfigurationIsVisible = 0;
		};
		182DA3B91EC45DC90022E6BC /* Build configuration list for PBXNativeTarget "AV-PlayerVedioUITests" */ = {
			isa = XCConfigurationList;
			buildConfigurations = (
				182DA3BA1EC45DC90022E6BC /* Debug */,
				182DA3BB1EC45DC90022E6BC /* Release */,
			);
			defaultConfigurationIsVisible = 0;
		};
/* End XCConfigurationList section */
	};
	rootObject = 182DA37E1EC45DC90022E6BC /* Project object */;
}
